
Microsoft Visual Studio Solution File, Format Version 12.00
# Visual Studio Version 16
VisualStudioVersion = 16.0.31729.503
MinimumVisualStudioVersion = 10.0.40219.1
Project("{FAE04EC0-301F-11D3-BF4B-00C04F79EFBC}") = "EXAMEN ORD1", "EXAMEN ORD1.csproj", "{82F146E0-6968-4545-BDEE-7466E6F71967}"
EndProject
Global
	GlobalSection(SolutionConfigurationPlatforms) = preSolution
		Debug|Any CPU = Debug|Any CPU
		Release|Any CPU = Release|Any CPU
	EndGlobalSection
	GlobalSection(ProjectConfigurationPlatforms) = postSolution
		{82F146E0-6968-4545-BDEE-7466E6F71967}.Debug|Any CPU.ActiveCfg = Debug|Any CPU
		{82F146E0-6968-4545-BDEE-7466E6F71967}.Debug|Any CPU.Build.0 = Debug|Any CPU
		{82F146E0-6968-4545-BDEE-7466E6F71967}.Release|Any CPU.ActiveCfg = Release|Any CPU
		{82F146E0-6968-4545-BDEE-7466E6F71967}.Release|Any CPU.Build.0 = Release|Any CPU
	EndGlobalSection
	GlobalSection(SolutionProperties) = preSolution
		HideSolutionNode = FALSE
	EndGlobalSection
	GlobalSection(ExtensibilityGlobals) = postSolution
		SolutionGuid = {DDBB2E72-B5AE-4C6F-BEE8-504CA0BD9DCB}
	EndGlobalSection
EndGlobal
